
Microsoft Visual Studio Solution File, Format Version 12.00
# Visual Studio 15
VisualStudioVersion = 15.0.28307.572
MinimumVisualStudioVersion = 10.0.40219.1
Project("{F184B08F-C81C-45F6-A57F-5ABD9991F28F}") = "GCodeTools", "GCodeTools\GCodeTools.vbproj", "{575C5C54-AD8B-46FD-B910-64B81699E148}"
EndProject
Global
	GlobalSection(SolutionConfigurationPlatforms) = preSolution
		Debug|Any CPU = Debug|Any CPU
		Release|Any CPU = Release|Any CPU
	EndGlobalSection
	GlobalSection(ProjectConfigurationPlatforms) = postSolution
		{575C5C54-AD8B-46FD-B910-64B81699E148}.Debug|Any CPU.ActiveCfg = Debug|Any CPU
		{575C5C54-AD8B-46FD-B910-64B81699E148}.Debug|Any CPU.Build.0 = Debug|Any CPU
		{575C5C54-AD8B-46FD-B910-64B81699E148}.Release|Any CPU.ActiveCfg = Release|Any CPU
		{575C5C54-AD8B-46FD-B910-64B81699E148}.Release|Any CPU.Build.0 = Release|Any CPU
	EndGlobalSection
	GlobalSection(SolutionProperties) = preSolution
		HideSolutionNode = FALSE
	EndGlobalSection
	GlobalSection(ExtensibilityGlobals) = postSolution
		SolutionGuid = {16CE4525-4D4B-4A30-8BBE-9929E3031022}
	EndGlobalSection
EndGlobal
